// !$*UTF8*$!
{
	archiveVersion = 1;
	classes = {
	};
	objectVersion = 77;
	objects = {

/* Begin PBXBuildFile section */
		3B0DA4602235265284118D8A /* AudioController.swift in Sources */ = {isa = PBXBuildFile; fileRef = FE6B79E0D873980B5041D936 /* AudioController.swift */; };
		535CF135581A692F5AB767A8 /* WatchAssistantApp.swift in Sources */ = {isa = PBXBuildFile; fileRef = 286310D3FCB60A19DEF84959 /* WatchAssistantApp.swift */; };
		58B441CB6704C6414446FE07 /* GatewayClient.swift in Sources */ = {isa = PBXBuildFile; fileRef = B53F72F2EE443C6E93B8E9DC /* GatewayClient.swift */; };
		7E9815CDD5913BD7F97DC7EC /* AppConfiguration.swift in Sources */ = {isa = PBXBuildFile; fileRef = F7E9D133AE108D08BA318330 /* AppConfiguration.swift */; };
		84867EBB4C91E20C3FC1BD58 /* AudioFormatConverter.swift in Sources */ = {isa = PBXBuildFile; fileRef = A8E29D606E6A85AE97C3FC5A /* AudioFormatConverter.swift */; };
		91ED5A98018D1E683CDBFA96 /* ConversationView.swift in Sources */ = {isa = PBXBuildFile; fileRef = 4B6B6622C8CA097E219A39CD /* ConversationView.swift */; };
		93DE4B111C14EC839D10792B /* GatewayEvents.swift in Sources */ = {isa = PBXBuildFile; fileRef = 96ACBD9F5D317D300F638335 /* GatewayEvents.swift */; };
		B32327653C229961333A0278 /* SessionClient.swift in Sources */ = {isa = PBXBuildFile; fileRef = 0E8C8EAEE025B2ADAF3629A5 /* SessionClient.swift */; };
		D347D38563E3D7E6C693F115 /* CredentialSettingsView.swift in Sources */ = {isa = PBXBuildFile; fileRef = 8D4A041C935D7728ACACD7F6 /* CredentialSettingsView.swift */; };
		D63AFE5F48794520714411A7 /* CredentialStore.swift in Sources */ = {isa = PBXBuildFile; fileRef = C610BD5CF4E744998533B28A /* CredentialStore.swift */; };
		ED19CEB6B533A22FD942E75F /* ConversationController.swift in Sources */ = {isa = PBXBuildFile; fileRef = 4CD71FD5AD5896A629F3261A /* ConversationController.swift */; };
		EF297E6581E3166A41D33BD2 /* DiagnosticLog.swift in Sources */ = {isa = PBXBuildFile; fileRef = F71F1C3BC6CABDDDACBC1D46 /* DiagnosticLog.swift */; };
		F800DE0F952C14DBDB5BBDE8 /* ConversationState.swift in Sources */ = {isa = PBXBuildFile; fileRef = 2E2F1D2961977C4D2082741D /* ConversationState.swift */; };
/* End PBXBuildFile section */

/* Begin PBXFileReference section */
		0E8C8EAEE025B2ADAF3629A5 /* SessionClient.swift */ = {isa = PBXFileReference; lastKnownFileType = sourcecode.swift; path = SessionClient.swift; sourceTree = "<group>"; };
		286310D3FCB60A19DEF84959 /* WatchAssistantApp.swift */ = {isa = PBXFileReference; lastKnownFileType = sourcecode.swift; path = WatchAssistantApp.swift; sourceTree = "<group>"; };
		2E2F1D2961977C4D2082741D /* ConversationState.swift */ = {isa = PBXFileReference; lastKnownFileType = sourcecode.swift; path = ConversationState.swift; sourceTree = "<group>"; };
		4B6B6622C8CA097E219A39CD /* ConversationView.swift */ = {isa = PBXFileReference; lastKnownFileType = sourcecode.swift; path = ConversationView.swift; sourceTree = "<group>"; };
		4CD71FD5AD5896A629F3261A /* ConversationController.swift */ = {isa = PBXFileReference; lastKnownFileType = sourcecode.swift; path = ConversationController.swift; sourceTree = "<group>"; };
		8D4A041C935D7728ACACD7F6 /* CredentialSettingsView.swift */ = {isa = PBXFileReference; lastKnownFileType = sourcecode.swift; path = CredentialSettingsView.swift; sourceTree = "<group>"; };
		96AB03C13AE79A54619DD72E /* Info.plist */ = {isa = PBXFileReference; lastKnownFileType = text.plist; path = Info.plist; sourceTree = "<group>"; };
		96ACBD9F5D317D300F638335 /* GatewayEvents.swift */ = {isa = PBXFileReference; lastKnownFileType = sourcecode.swift; path = GatewayEvents.swift; sourceTree = "<group>"; };
		A8E29D606E6A85AE97C3FC5A /* AudioFormatConverter.swift */ = {isa = PBXFileReference; lastKnownFileType = sourcecode.swift; path = AudioFormatConverter.swift; sourceTree = "<group>"; };
		AB5BC1650590C23DD87BA953 /* WatchAssistant.app */ = {isa = PBXFileReference; explicitFileType = wrapper.application; includeInIndex = 0; path = WatchAssistant.app; sourceTree = BUILT_PRODUCTS_DIR; };
		B53F72F2EE443C6E93B8E9DC /* GatewayClient.swift */ = {isa = PBXFileReference; lastKnownFileType = sourcecode.swift; path = GatewayClient.swift; sourceTree = "<group>"; };
		C610BD5CF4E744998533B28A /* CredentialStore.swift */ = {isa = PBXFileReference; lastKnownFileType = sourcecode.swift; path = CredentialStore.swift; sourceTree = "<group>"; };
		F71F1C3BC6CABDDDACBC1D46 /* DiagnosticLog.swift */ = {isa = PBXFileReference; lastKnownFileType = sourcecode.swift; path = DiagnosticLog.swift; sourceTree = "<group>"; };
		F7E9D133AE108D08BA318330 /* AppConfiguration.swift */ = {isa = PBXFileReference; lastKnownFileType = sourcecode.swift; path = AppConfiguration.swift; sourceTree = "<group>"; };
		FE6B79E0D873980B5041D936 /* AudioController.swift */ = {isa = PBXFileReference; lastKnownFileType = sourcecode.swift; path = AudioController.swift; sourceTree = "<group>"; };
/* End PBXFileReference section */

/* Begin PBXGroup section */
		2ED70083799DDDB998AE067F /* Conversation */ = {
			isa = PBXGroup;
			children = (
				4CD71FD5AD5896A629F3261A /* ConversationController.swift */,
				2E2F1D2961977C4D2082741D /* ConversationState.swift */,
			);
			path = Conversation;
			sourceTree = "<group>";
		};
		3CBAA306AB39F2DB4FAAE2BB /* App */ = {
			isa = PBXGroup;
			children = (
				F7E9D133AE108D08BA318330 /* AppConfiguration.swift */,
				96AB03C13AE79A54619DD72E /* Info.plist */,
				286310D3FCB60A19DEF84959 /* WatchAssistantApp.swift */,
			);
			path = App;
			sourceTree = "<group>";
		};
		416088DC015CE5DC30E80274 /* Audio */ = {
			isa = PBXGroup;
			children = (
				FE6B79E0D873980B5041D936 /* AudioController.swift */,
				A8E29D606E6A85AE97C3FC5A /* AudioFormatConverter.swift */,
			);
			path = Audio;
			sourceTree = "<group>";
		};
		5C1BAB182091350245AD271A /* Products */ = {
			isa = PBXGroup;
			children = (
				AB5BC1650590C23DD87BA953 /* WatchAssistant.app */,
			);
			name = Products;
			sourceTree = "<group>";
		};
		994C4E82B41A598602945527 /* WatchAssistant */ = {
			isa = PBXGroup;
			children = (
				3CBAA306AB39F2DB4FAAE2BB /* App */,
				416088DC015CE5DC30E80274 /* Audio */,
				2ED70083799DDDB998AE067F /* Conversation */,
				B79AF89F5B3B58EE32213BC2 /* Diagnostics */,
				D569F2D978D90248180643EC /* Networking */,
				F9474BDCA8A11BC5A132618C /* UI */,
			);
			path = WatchAssistant;
			sourceTree = "<group>";
		};
		9A9EA71600CCAEFDE1AF456E = {
			isa = PBXGroup;
			children = (
				994C4E82B41A598602945527 /* WatchAssistant */,
				5C1BAB182091350245AD271A /* Products */,
			);
			sourceTree = "<group>";
		};
		B79AF89F5B3B58EE32213BC2 /* Diagnostics */ = {
			isa = PBXGroup;
			children = (
				F71F1C3BC6CABDDDACBC1D46 /* DiagnosticLog.swift */,
			);
			path = Diagnostics;
			sourceTree = "<group>";
		};
		D569F2D978D90248180643EC /* Networking */ = {
			isa = PBXGroup;
			children = (
				C610BD5CF4E744998533B28A /* CredentialStore.swift */,
				B53F72F2EE443C6E93B8E9DC /* GatewayClient.swift */,
				96ACBD9F5D317D300F638335 /* GatewayEvents.swift */,
				0E8C8EAEE025B2ADAF3629A5 /* SessionClient.swift */,
			);
			path = Networking;
			sourceTree = "<group>";
		};
		F9474BDCA8A11BC5A132618C /* UI */ = {
			isa = PBXGroup;
			children = (
				4B6B6622C8CA097E219A39CD /* ConversationView.swift */,
				8D4A041C935D7728ACACD7F6 /* CredentialSettingsView.swift */,
			);
			path = UI;
			sourceTree = "<group>";
		};
/* End PBXGroup section */

/* Begin PBXNativeTarget section */
		4AEA77540C350E1A297BCC3B /* WatchAssistant */ = {
			isa = PBXNativeTarget;
			buildConfigurationList = 20C57CDD33265987654E90E5 /* Build configuration list for PBXNativeTarget "WatchAssistant" */;
			buildPhases = (
				107D53E66B37815F06B24094 /* Sources */,
			);
			buildRules = (
			);
			dependencies = (
			);
			name = WatchAssistant;
			packageProductDependencies = (
			);
			productName = WatchAssistant;
			productReference = AB5BC1650590C23DD87BA953 /* WatchAssistant.app */;
			productType = "com.apple.product-type.application";
		};
/* End PBXNativeTarget section */

/* Begin PBXProject section */
		FB60F4C0B425EEE94AFA522E /* Project object */ = {
			isa = PBXProject;
			attributes = {
				BuildIndependentTargetsInParallel = YES;
				LastUpgradeCheck = 2600;
				TargetAttributes = {
					4AEA77540C350E1A297BCC3B = {
						DevelopmentTeam = "";
						ProvisioningStyle = Automatic;
					};
				};
			};
			buildConfigurationList = 7382B3671114B9ECFD0AE928 /* Build configuration list for PBXProject "WatchAssistant" */;
			developmentRegion = en;
			hasScannedForEncodings = 0;
			knownRegions = (
				Base,
				en,
			);
			mainGroup = 9A9EA71600CCAEFDE1AF456E;
			minimizedProjectReferenceProxies = 1;
			preferredProjectObjectVersion = 77;
			productRefGroup = 5C1BAB182091350245AD271A /* Products */;
			projectDirPath = "";
			projectRoot = "";
			targets = (
				4AEA77540C350E1A297BCC3B /* WatchAssistant */,
			);
		};
/* End PBXProject section */

/* Begin PBXSourcesBuildPhase section */
		107D53E66B37815F06B24094 /* Sources */ = {
			isa = PBXSourcesBuildPhase;
			buildActionMask = 2147483647;
			files = (
				7E9815CDD5913BD7F97DC7EC /* AppConfiguration.swift in Sources */,
				3B0DA4602235265284118D8A /* AudioController.swift in Sources */,
				84867EBB4C91E20C3FC1BD58 /* AudioFormatConverter.swift in Sources */,
				ED19CEB6B533A22FD942E75F /* ConversationController.swift in Sources */,
				F800DE0F952C14DBDB5BBDE8 /* ConversationState.swift in Sources */,
				91ED5A98018D1E683CDBFA96 /* ConversationView.swift in Sources */,
				D347D38563E3D7E6C693F115 /* CredentialSettingsView.swift in Sources */,
				D63AFE5F48794520714411A7 /* CredentialStore.swift in Sources */,
				EF297E6581E3166A41D33BD2 /* DiagnosticLog.swift in Sources */,
				58B441CB6704C6414446FE07 /* GatewayClient.swift in Sources */,
				93DE4B111C14EC839D10792B /* GatewayEvents.swift in Sources */,
				B32327653C229961333A0278 /* SessionClient.swift in Sources */,
				535CF135581A692F5AB767A8 /* WatchAssistantApp.swift in Sources */,
			);
			runOnlyForDeploymentPostprocessing = 0;
		};
/* End PBXSourcesBuildPhase section */

/* Begin XCBuildConfiguration section */
		3BEA289CBA0E6F8EF5A9E9A9 /* Debug */ = {
			isa = XCBuildConfiguration;
			buildSettings = {
				ALWAYS_SEARCH_USER_PATHS = NO;
				CLANG_ANALYZER_NONNULL = YES;
				CLANG_ANALYZER_NUMBER_OBJECT_CONVERSION = YES_AGGRESSIVE;
				CLANG_CXX_LANGUAGE_STANDARD = "gnu++14";
				CLANG_CXX_LIBRARY = "libc++";
				CLANG_ENABLE_MODULES = YES;
				CLANG_ENABLE_OBJC_ARC = YES;
				CLANG_ENABLE_OBJC_WEAK = YES;
				CLANG_WARN_BLOCK_CAPTURE_AUTORELEASING = YES;
				CLANG_WARN_BOOL_CONVERSION = YES;
				CLANG_WARN_COMMA = YES;
				CLANG_WARN_CONSTANT_CONVERSION = YES;
				CLANG_WARN_DEPRECATED_OBJC_IMPLEMENTATIONS = YES;
				CLANG_WARN_DIRECT_OBJC_ISA_USAGE = YES_ERROR;
				CLANG_WARN_DOCUMENTATION_COMMENTS = YES;
				CLANG_WARN_EMPTY_BODY = YES;
				CLANG_WARN_ENUM_CONVERSION = YES;
				CLANG_WARN_INFINITE_RECURSION = YES;
				CLANG_WARN_INT_CONVERSION = YES;
				CLANG_WARN_NON_LITERAL_NULL_CONVERSION = YES;
				CLANG_WARN_OBJC_IMPLICIT_RETAIN_SELF = YES;
				CLANG_WARN_OBJC_LITERAL_CONVERSION = YES;
				CLANG_WARN_OBJC_ROOT_CLASS = YES_ERROR;
				CLANG_WARN_QUOTED_INCLUDE_IN_FRAMEWORK_HEADER = YES;
				CLANG_WARN_RANGE_LOOP_ANALYSIS = YES;
				CLANG_WARN_STRICT_PROTOTYPES = YES;
				CLANG_WARN_SUSPICIOUS_MOVE = YES;
				CLANG_WARN_UNGUARDED_AVAILABILITY = YES_AGGRESSIVE;
				CLANG_WARN_UNREACHABLE_CODE = YES;
				CLANG_WARN__DUPLICATE_METHOD_MATCH = YES;
				CODE_SIGN_STYLE = Automatic;
				COPY_PHASE_STRIP = NO;
				DEBUG_INFORMATION_FORMAT = dwarf;
				DEVELOPMENT_TEAM = "";
				ENABLE_STRICT_OBJC_MSGSEND = YES;
				ENABLE_TESTABILITY = YES;
				GCC_C_LANGUAGE_STANDARD = gnu11;
				GCC_DYNAMIC_NO_PIC = NO;
				GCC_NO_COMMON_BLOCKS = YES;
				GCC_OPTIMIZATION_LEVEL = 0;
				GCC_PREPROCESSOR_DEFINITIONS = (
					"$(inherited)",
					"DEBUG=1",
				);
				GCC_WARN_64_TO_32_BIT_CONVERSION = YES;
				GCC_WARN_ABOUT_RETURN_TYPE = YES_ERROR;
				GCC_WARN_UNDECLARED_SELECTOR = YES;
				GCC_WARN_UNINITIALIZED_AUTOS = YES_AGGRESSIVE;
				GCC_WARN_UNUSED_FUNCTION = YES;
				GCC_WARN_UNUSED_VARIABLE = YES;
				MTL_ENABLE_DEBUG_INFO = INCLUDE_SOURCE;
				MTL_FAST_MATH = YES;
				ONLY_ACTIVE_ARCH = YES;
				PRODUCT_NAME = "$(TARGET_NAME)";
				SDKROOT = watchos;
				SWIFT_ACTIVE_COMPILATION_CONDITIONS = DEBUG;
				SWIFT_OPTIMIZATION_LEVEL = "-Onone";
				SWIFT_VERSION = 6.0;
				WATCHOS_DEPLOYMENT_TARGET = 26.0;
			};
			name = Debug;
		};
		7B31DAAC3CC293FF593B3D21 /* Debug */ = {
			isa = XCBuildConfiguration;
			buildSettings = {
				ASSETCATALOG_COMPILER_APPICON_NAME = AppIcon;
				ENABLE_USER_SCRIPT_SANDBOXING = YES;
				INFOPLIST_FILE = WatchAssistant/App/Info.plist;
				PRODUCT_BUNDLE_IDENTIFIER = com.philipziolkowski.WatchAssistant;
				PRODUCT_NAME = WatchAssistant;
				SDKROOT = watchos;
				SKIP_INSTALL = NO;
				TARGETED_DEVICE_FAMILY = 4;
			};
			name = Debug;
		};
		826F34CB4F446EDC93D69192 /* Release */ = {
			isa = XCBuildConfiguration;
			buildSettings = {
				ALWAYS_SEARCH_USER_PATHS = NO;
				CLANG_ANALYZER_NONNULL = YES;
				CLANG_ANALYZER_NUMBER_OBJECT_CONVERSION = YES_AGGRESSIVE;
				CLANG_CXX_LANGUAGE_STANDARD = "gnu++14";
				CLANG_CXX_LIBRARY = "libc++";
				CLANG_ENABLE_MODULES = YES;
				CLANG_ENABLE_OBJC_ARC = YES;
				CLANG_ENABLE_OBJC_WEAK = YES;
				CLANG_WARN_BLOCK_CAPTURE_AUTORELEASING = YES;
				CLANG_WARN_BOOL_CONVERSION = YES;
				CLANG_WARN_COMMA = YES;
				CLANG_WARN_CONSTANT_CONVERSION = YES;
				CLANG_WARN_DEPRECATED_OBJC_IMPLEMENTATIONS = YES;
				CLANG_WARN_DIRECT_OBJC_ISA_USAGE = YES_ERROR;
				CLANG_WARN_DOCUMENTATION_COMMENTS = YES;
				CLANG_WARN_EMPTY_BODY = YES;
				CLANG_WARN_ENUM_CONVERSION = YES;
				CLANG_WARN_INFINITE_RECURSION = YES;
				CLANG_WARN_INT_CONVERSION = YES;
				CLANG_WARN_NON_LITERAL_NULL_CONVERSION = YES;
				CLANG_WARN_OBJC_IMPLICIT_RETAIN_SELF = YES;
				CLANG_WARN_OBJC_LITERAL_CONVERSION = YES;
				CLANG_WARN_OBJC_ROOT_CLASS = YES_ERROR;
				CLANG_WARN_QUOTED_INCLUDE_IN_FRAMEWORK_HEADER = YES;
				CLANG_WARN_RANGE_LOOP_ANALYSIS = YES;
				CLANG_WARN_STRICT_PROTOTYPES = YES;
				CLANG_WARN_SUSPICIOUS_MOVE = YES;
				CLANG_WARN_UNGUARDED_AVAILABILITY = YES_AGGRESSIVE;
				CLANG_WARN_UNREACHABLE_CODE = YES;
				CLANG_WARN__DUPLICATE_METHOD_MATCH = YES;
				CODE_SIGN_STYLE = Automatic;
				COPY_PHASE_STRIP = NO;
				DEBUG_INFORMATION_FORMAT = "dwarf-with-dsym";
				DEVELOPMENT_TEAM = "";
				ENABLE_NS_ASSERTIONS = NO;
				ENABLE_STRICT_OBJC_MSGSEND = YES;
				GCC_C_LANGUAGE_STANDARD = gnu11;
				GCC_NO_COMMON_BLOCKS = YES;
				GCC_WARN_64_TO_32_BIT_CONVERSION = YES;
				GCC_WARN_ABOUT_RETURN_TYPE = YES_ERROR;
				GCC_WARN_UNDECLARED_SELECTOR = YES;
				GCC_WARN_UNINITIALIZED_AUTOS = YES_AGGRESSIVE;
				GCC_WARN_UNUSED_FUNCTION = YES;
				GCC_WARN_UNUSED_VARIABLE = YES;
				MTL_ENABLE_DEBUG_INFO = NO;
				MTL_FAST_MATH = YES;
				PRODUCT_NAME = "$(TARGET_NAME)";
				SDKROOT = watchos;
				SWIFT_COMPILATION_MODE = wholemodule;
				SWIFT_OPTIMIZATION_LEVEL = "-O";
				SWIFT_VERSION = 6.0;
				WATCHOS_DEPLOYMENT_TARGET = 26.0;
			};
			name = Release;
		};
		8CC989589BD0FC878EAE5908 /* Release */ = {
			isa = XCBuildConfiguration;
			buildSettings = {
				ASSETCATALOG_COMPILER_APPICON_NAME = AppIcon;
				ENABLE_USER_SCRIPT_SANDBOXING = YES;
				INFOPLIST_FILE = WatchAssistant/App/Info.plist;
				PRODUCT_BUNDLE_IDENTIFIER = com.philipziolkowski.WatchAssistant;
				PRODUCT_NAME = WatchAssistant;
				SDKROOT = watchos;
				SKIP_INSTALL = NO;
				TARGETED_DEVICE_FAMILY = 4;
			};
			name = Release;
		};
/* End XCBuildConfiguration section */

/* Begin XCConfigurationList section */
		20C57CDD33265987654E90E5 /* Build configuration list for PBXNativeTarget "WatchAssistant" */ = {
			isa = XCConfigurationList;
			buildConfigurations = (
				7B31DAAC3CC293FF593B3D21 /* Debug */,
				8CC989589BD0FC878EAE5908 /* Release */,
			);
			defaultConfigurationIsVisible = 0;
			defaultConfigurationName = Debug;
		};
		7382B3671114B9ECFD0AE928 /* Build configuration list for PBXProject "WatchAssistant" */ = {
			isa = XCConfigurationList;
			buildConfigurations = (
				3BEA289CBA0E6F8EF5A9E9A9 /* Debug */,
				826F34CB4F446EDC93D69192 /* Release */,
			);
			defaultConfigurationIsVisible = 0;
			defaultConfigurationName = Debug;
		};
/* End XCConfigurationList section */
	};
	rootObject = FB60F4C0B425EEE94AFA522E /* Project object */;
}
